
Microsoft Visual Studio Solution File, Format Version 12.00
# Visual Studio 15
VisualStudioVersion = 15.0.27428.2005
MinimumVisualStudioVersion = 10.0.40219.1
Project("{FAE04EC0-301F-11D3-BF4B-00C04F79EFBC}") = "HMetrics", "HMetrics\HMetrics.csproj", "{9F5939A7-65A9-418D-B537-7533D549E521}"
EndProject
Project("{FAE04EC0-301F-11D3-BF4B-00C04F79EFBC}") = "Test", "Test\Test.csproj", "{34A564AF-87DF-48BD-AF67-C863B119E4EE}"
EndProject
Project("{FAE04EC0-301F-11D3-BF4B-00C04F79EFBC}") = "HMetrics.Tests", "HMetrics.Tests\HMetrics.Tests.csproj", "{4DAEDBEA-A00E-4A08-9B48-CD43772AD466}"
EndProject
Global
	GlobalSection(SolutionConfigurationPlatforms) = preSolution
		Debug|Any CPU = Debug|Any CPU
		Release|Any CPU = Release|Any CPU
	EndGlobalSection
	GlobalSection(ProjectConfigurationPlatforms) = postSolution
		{9F5939A7-65A9-418D-B537-7533D549E521}.Debug|Any CPU.ActiveCfg = Debug|Any CPU
		{9F5939A7-65A9-418D-B537-7533D549E521}.Debug|Any CPU.Build.0 = Debug|Any CPU
		{9F5939A7-65A9-418D-B537-7533D549E521}.Release|Any CPU.ActiveCfg = Release|Any CPU
		{9F5939A7-65A9-418D-B537-7533D549E521}.Release|Any CPU.Build.0 = Release|Any CPU
		{34A564AF-87DF-48BD-AF67-C863B119E4EE}.Debug|Any CPU.ActiveCfg = Debug|Any CPU
		{34A564AF-87DF-48BD-AF67-C863B119E4EE}.Debug|Any CPU.Build.0 = Debug|Any CPU
		{34A564AF-87DF-48BD-AF67-C863B119E4EE}.Release|Any CPU.ActiveCfg = Release|Any CPU
		{34A564AF-87DF-48BD-AF67-C863B119E4EE}.Release|Any CPU.Build.0 = Release|Any CPU
		{4DAEDBEA-A00E-4A08-9B48-CD43772AD466}.Debug|Any CPU.ActiveCfg = Debug|Any CPU
		{4DAEDBEA-A00E-4A08-9B48-CD43772AD466}.Debug|Any CPU.Build.0 = Debug|Any CPU
		{4DAEDBEA-A00E-4A08-9B48-CD43772AD466}.Release|Any CPU.ActiveCfg = Release|Any CPU
		{4DAEDBEA-A00E-4A08-9B48-CD43772AD466}.Release|Any CPU.Build.0 = Release|Any CPU
	EndGlobalSection
	GlobalSection(SolutionProperties) = preSolution
		HideSolutionNode = FALSE
	EndGlobalSection
	GlobalSection(ExtensibilityGlobals) = postSolution
		SolutionGuid = {406BF454-EB67-4D2C-BEA5-56F9D2D0989B}
	EndGlobalSection
EndGlobal
